<?xml version="1.0" encoding="utf-8"?>
<Project ToolsVersion="4.0" xmlns="http://schemas.microsoft.com/developer/msbuild/2003">
  <ItemGroup>
    <Filter Include="Resource Files">
      <UniqueIdentifier>{67DA6AB6-F800-4c08-8B7A-83BB121AAD01}</UniqueIdentifier>
      <Extensions>rc;ico;cur;bmp;dlg;rc2;rct;bin;rgs;gif;jpg;jpeg;jpe;resx;tiff;tif;png;wav;mfcribbon-ms</Extensions>
    </Filter>
    <Filter Include="gameobjects">
      <UniqueIdentifier>{17326ff7-15ee-4f2b-a57d-794526f477db}</UniqueIdentifier>
    </Filter>
    <Filter Include="drivers">
      <UniqueIdentifier>{76ff2dac-3f2a-4d1f-be5c-ca40b0836c02}</UniqueIdentifier>
    </Filter>
    <Filter Include="maths">
      <UniqueIdentifier>{d63ae40f-1530-450b-83e0-7a2023df6402}</UniqueIdentifier>
    </Filter>
    <Filter Include="physics">
      <UniqueIdentifier>{dfddb59d-ceb5-41b6-bbde-38f81b2f91c0}</UniqueIdentifier>
    </Filter>
    <Filter Include="rendering">
      <UniqueIdentifier>{96c13f6d-b31a-4c65-ad9c-84a40dbcba52}</UniqueIdentifier>
    </Filter>
    <Filter Include="input">
      <UniqueIdentifier>{da0e4a79-cc4a-4807-ad1a-80da2ac27771}</UniqueIdentifier>
    </Filter>
    <Filter Include="factories">
      <UniqueIdentifier>{960a5780-9c7c-4f48-9833-4afc0d6a588a}</UniqueIdentifier>
    </Filter>
    <Filter Include="enums">
      <UniqueIdentifier>{79e96bed-a41d-4587-94ca-c7dfa67a3004}</UniqueIdentifier>
    </Filter>
    <Filter Include="worlds">
      <UniqueIdentifier>{15d369b9-6980-408e-b8d2-d3c037b46872}</UniqueIdentifier>
    </Filter>
    <Filter Include="game">
      <UniqueIdentifier>{c04ba3a7-4573-4910-bcee-108e0a074a93}</UniqueIdentifier>
    </Filter>
    <Filter Include="commands">
      <UniqueIdentifier>{370d58fe-ea4b-407c-b301-29201547c820}</UniqueIdentifier>
    </Filter>
    <Filter Include="states">
      <UniqueIdentifier>{a29a5157-fb29-47a7-9619-c2b69eb89baa}</UniqueIdentifier>
    </Filter>
    <Filter Include="states\gamestates">
      <UniqueIdentifier>{93969eda-a5b4-4f51-92a9-e5ed5a51cc6c}</UniqueIdentifier>
    </Filter>
  </ItemGroup>
  <ItemGroup>
    <ClCompile Include="fighter.cpp">
      <Filter>gameobjects</Filter>
    </ClCompile>
    <ClCompile Include="gameobject.cpp">
      <Filter>gameobjects</Filter>
    </ClCompile>
    <ClCompile Include="driver.cpp">
      <Filter>drivers</Filter>
    </ClCompile>
    <ClCompile Include="fighteraidriver.cpp">
      <Filter>drivers</Filter>
    </ClCompile>
    <ClCompile Include="fighterinputdriver.cpp">
      <Filter>drivers</Filter>
    </ClCompile>
    <ClCompile Include="vector2.cpp">
      <Filter>maths</Filter>
    </ClCompile>
    <ClCompile Include="collider.cpp">
      <Filter>physics</Filter>
    </ClCompile>
    <ClCompile Include="renderer.cpp">
      <Filter>rendering</Filter>
    </ClCompile>
    <ClCompile Include="input.cpp">
      <Filter>input</Filter>
    </ClCompile>
    <ClCompile Include="main.cpp" />
    <ClCompile Include="factory.cpp">
      <Filter>factories</Filter>
    </ClCompile>
    <ClCompile Include="world.cpp">
      <Filter>worlds</Filter>
    </ClCompile>
    <ClCompile Include="fighterattack.cpp">
      <Filter>gameobjects</Filter>
    </ClCompile>
    <ClCompile Include="game.cpp">
      <Filter>game</Filter>
    </ClCompile>
    <ClCompile Include="collisionhandler.cpp">
      <Filter>physics</Filter>
    </ClCompile>
    <ClCompile Include="commandable.cpp">
      <Filter>commands</Filter>
    </ClCompile>
    <ClCompile Include="command.cpp">
      <Filter>commands</Filter>
    </ClCompile>
    <ClCompile Include="inputhandler.cpp">
      <Filter>input</Filter>
    </ClCompile>
    <ClCompile Include="gamestate.cpp">
      <Filter>states\gamestates</Filter>
    </ClCompile>
    <ClCompile Include="playgamestate.cpp">
      <Filter>states\gamestates</Filter>
    </ClCompile>
    <ClCompile Include="mainmenugamestate.cpp">
      <Filter>states\gamestates</Filter>
    </ClCompile>
  </ItemGroup>
  <ItemGroup>
    <ClInclude Include="fighter.h">
      <Filter>gameobjects</Filter>
    </ClInclude>
    <ClInclude Include="gameobject.h">
      <Filter>gameobjects</Filter>
    </ClInclude>
    <ClInclude Include="driver.h">
      <Filter>drivers</Filter>
    </ClInclude>
    <ClInclude Include="fighteraidriver.h">
      <Filter>drivers</Filter>
    </ClInclude>
    <ClInclude Include="fighterinputdriver.h">
      <Filter>drivers</Filter>
    </ClInclude>
    <ClInclude Include="vector2.h">
      <Filter>maths</Filter>
    </ClInclude>
    <ClInclude Include="collider.h">
      <Filter>physics</Filter>
    </ClInclude>
    <ClInclude Include="renderer.h">
      <Filter>rendering</Filter>
    </ClInclude>
    <ClInclude Include="input.h">
      <Filter>input</Filter>
    </ClInclude>
    <ClInclude Include="factory.h">
      <Filter>factories</Filter>
    </ClInclude>
    <ClInclude Include="world.h">
      <Filter>worlds</Filter>
    </ClInclude>
    <ClInclude Include="fighterattack.h">
      <Filter>gameobjects</Filter>
    </ClInclude>
    <ClInclude Include="attacktype.h">
      <Filter>enums</Filter>
    </ClInclude>
    <ClInclude Include="game.h">
      <Filter>game</Filter>
    </ClInclude>
    <ClInclude Include="objecttype.h">
      <Filter>enums</Filter>
    </ClInclude>
    <ClInclude Include="collisionhandler.h">
      <Filter>physics</Filter>
    </ClInclude>
    <ClInclude Include="commandable.h">
      <Filter>commands</Filter>
    </ClInclude>
    <ClInclude Include="command.h">
      <Filter>commands</Filter>
    </ClInclude>
    <ClInclude Include="inputhandler.h">
      <Filter>input</Filter>
    </ClInclude>
    <ClInclude Include="gamestate.h">
      <Filter>states\gamestates</Filter>
    </ClInclude>
    <ClInclude Include="playgamestate.h">
      <Filter>states\gamestates</Filter>
    </ClInclude>
    <ClInclude Include="statename.h">
      <Filter>enums</Filter>
    </ClInclude>
    <ClInclude Include="mainmenugamestate.h">
      <Filter>states\gamestates</Filter>
    </ClInclude>
  </ItemGroup>
</Project>